
Microsoft Visual Studio Solution File, Format Version 12.00
# Visual Studio 15
VisualStudioVersion = 15.0.26730.12
MinimumVisualStudioVersion = 10.0.40219.1
Project("{FAE04EC0-301F-11D3-BF4B-00C04F79EFBC}") = "Captain.Application", "Captain.Application\Captain.Application.csproj", "{F2886E2B-0664-4B90-8F96-65598E485E06}"
EndProject
Project("{FAE04EC0-301F-11D3-BF4B-00C04F79EFBC}") = "Captain.Common", "Captain.Common\Captain.Common.csproj", "{5CBD5D35-99D1-4AE3-919D-7B9099ED6DC3}"
EndProject
Project("{FAE04EC0-301F-11D3-BF4B-00C04F79EFBC}") = "Captain.Plugins.BuiltIn", "Captain.Plugins.BuiltIn\Captain.Plugins.BuiltIn.csproj", "{9B667C69-0F53-4663-A74E-73C384CAFF75}"
EndProject
Project("{8BC9CEB8-8B4A-11D0-8D11-00A0C91BC942}") = "cn2helper", "cn2helper\cn2helper.vcxproj", "{76477108-C8D4-4603-993C-C23FFFF9E342}"
EndProject
Project("{8BC9CEB8-8B4A-11D0-8D11-00A0C91BC942}") = "cn2wowbr", "cn2wowbr\cn2wowbr.vcxproj", "{325EE55B-00AD-4F01-ADF4-C6D364B61CB3}"
EndProject
Project("{8BC9CEB8-8B4A-11D0-8D11-00A0C91BC942}") = "cn2rthelper", "cn2rthelper\cn2rthelper.vcxproj", "{1776FF10-3879-4932-B5D8-B5E75ACF9439}"
EndProject
Project("{8BC9CEB8-8B4A-11D0-8D11-00A0C91BC942}") = "cn2shared", "cn2shared\cn2shared.vcxitems", "{D7FF169D-6D1F-4A09-8AC5-E5D5F2A3BC61}"
EndProject
Project("{8BC9CEB8-8B4A-11D0-8D11-00A0C91BC942}") = "Project1", "Project1\Project1.vcxproj", "{72A7CDF4-AA56-448B-86FE-18125A7975B1}"
EndProject
Global
	GlobalSection(SolutionConfigurationPlatforms) = preSolution
		Debug|Any CPU = Debug|Any CPU
		Debug|x64 = Debug|x64
		Debug|x86 = Debug|x86
		Release|Any CPU = Release|Any CPU
		Release|x64 = Release|x64
		Release|x86 = Release|x86
	EndGlobalSection
	GlobalSection(ProjectConfigurationPlatforms) = postSolution
		{F2886E2B-0664-4B90-8F96-65598E485E06}.Debug|Any CPU.ActiveCfg = Debug|x86
		{F2886E2B-0664-4B90-8F96-65598E485E06}.Debug|x64.ActiveCfg = Debug|x64
		{F2886E2B-0664-4B90-8F96-65598E485E06}.Debug|x64.Build.0 = Debug|x64
		{F2886E2B-0664-4B90-8F96-65598E485E06}.Debug|x86.ActiveCfg = Debug|x86
		{F2886E2B-0664-4B90-8F96-65598E485E06}.Debug|x86.Build.0 = Debug|x86
		{F2886E2B-0664-4B90-8F96-65598E485E06}.Release|Any CPU.ActiveCfg = Release|x86
		{F2886E2B-0664-4B90-8F96-65598E485E06}.Release|x64.ActiveCfg = Release|x64
		{F2886E2B-0664-4B90-8F96-65598E485E06}.Release|x64.Build.0 = Release|x64
		{F2886E2B-0664-4B90-8F96-65598E485E06}.Release|x86.ActiveCfg = Release|x86
		{F2886E2B-0664-4B90-8F96-65598E485E06}.Release|x86.Build.0 = Release|x86
		{5CBD5D35-99D1-4AE3-919D-7B9099ED6DC3}.Debug|Any CPU.ActiveCfg = Debug|x86
		{5CBD5D35-99D1-4AE3-919D-7B9099ED6DC3}.Debug|x64.ActiveCfg = Debug|x64
		{5CBD5D35-99D1-4AE3-919D-7B9099ED6DC3}.Debug|x64.Build.0 = Debug|x64
		{5CBD5D35-99D1-4AE3-919D-7B9099ED6DC3}.Debug|x86.ActiveCfg = Debug|x86
		{5CBD5D35-99D1-4AE3-919D-7B9099ED6DC3}.Debug|x86.Build.0 = Debug|x86
		{5CBD5D35-99D1-4AE3-919D-7B9099ED6DC3}.Release|Any CPU.ActiveCfg = Release|x86
		{5CBD5D35-99D1-4AE3-919D-7B9099ED6DC3}.Release|x64.ActiveCfg = Release|x64
		{5CBD5D35-99D1-4AE3-919D-7B9099ED6DC3}.Release|x64.Build.0 = Release|x64
		{5CBD5D35-99D1-4AE3-919D-7B9099ED6DC3}.Release|x86.ActiveCfg = Release|x86
		{5CBD5D35-99D1-4AE3-919D-7B9099ED6DC3}.Release|x86.Build.0 = Release|x86
		{9B667C69-0F53-4663-A74E-73C384CAFF75}.Debug|Any CPU.ActiveCfg = Debug|Any CPU
		{9B667C69-0F53-4663-A74E-73C384CAFF75}.Debug|Any CPU.Build.0 = Debug|Any CPU
		{9B667C69-0F53-4663-A74E-73C384CAFF75}.Debug|x64.ActiveCfg = Debug|Any CPU
		{9B667C69-0F53-4663-A74E-73C384CAFF75}.Debug|x64.Build.0 = Debug|Any CPU
		{9B667C69-0F53-4663-A74E-73C384CAFF75}.Debug|x86.ActiveCfg = Debug|Any CPU
		{9B667C69-0F53-4663-A74E-73C384CAFF75}.Debug|x86.Build.0 = Debug|Any CPU
		{9B667C69-0F53-4663-A74E-73C384CAFF75}.Release|Any CPU.ActiveCfg = Release|Any CPU
		{9B667C69-0F53-4663-A74E-73C384CAFF75}.Release|Any CPU.Build.0 = Release|Any CPU
		{9B667C69-0F53-4663-A74E-73C384CAFF75}.Release|x64.ActiveCfg = Release|Any CPU
		{9B667C69-0F53-4663-A74E-73C384CAFF75}.Release|x64.Build.0 = Release|Any CPU
		{9B667C69-0F53-4663-A74E-73C384CAFF75}.Release|x86.ActiveCfg = Release|Any CPU
		{9B667C69-0F53-4663-A74E-73C384CAFF75}.Release|x86.Build.0 = Release|Any CPU
		{76477108-C8D4-4603-993C-C23FFFF9E342}.Debug|Any CPU.ActiveCfg = Debug|Win32
		{76477108-C8D4-4603-993C-C23FFFF9E342}.Debug|x64.ActiveCfg = Debug|x64
		{76477108-C8D4-4603-993C-C23FFFF9E342}.Debug|x64.Build.0 = Debug|x64
		{76477108-C8D4-4603-993C-C23FFFF9E342}.Debug|x86.ActiveCfg = Debug|Win32
		{76477108-C8D4-4603-993C-C23FFFF9E342}.Debug|x86.Build.0 = Debug|Win32
		{76477108-C8D4-4603-993C-C23FFFF9E342}.Release|Any CPU.ActiveCfg = Release|Win32
		{76477108-C8D4-4603-993C-C23FFFF9E342}.Release|x64.ActiveCfg = Release|x64
		{76477108-C8D4-4603-993C-C23FFFF9E342}.Release|x64.Build.0 = Release|x64
		{76477108-C8D4-4603-993C-C23FFFF9E342}.Release|x86.ActiveCfg = Release|Win32
		{76477108-C8D4-4603-993C-C23FFFF9E342}.Release|x86.Build.0 = Release|Win32
		{325EE55B-00AD-4F01-ADF4-C6D364B61CB3}.Debug|Any CPU.ActiveCfg = Debug|Win32
		{325EE55B-00AD-4F01-ADF4-C6D364B61CB3}.Debug|x64.ActiveCfg = Debug|Win32
		{325EE55B-00AD-4F01-ADF4-C6D364B61CB3}.Debug|x86.ActiveCfg = Debug|Win32
		{325EE55B-00AD-4F01-ADF4-C6D364B61CB3}.Debug|x86.Build.0 = Debug|Win32
		{325EE55B-00AD-4F01-ADF4-C6D364B61CB3}.Release|Any CPU.ActiveCfg = Release|Win32
		{325EE55B-00AD-4F01-ADF4-C6D364B61CB3}.Release|x64.ActiveCfg = Release|Win32
		{325EE55B-00AD-4F01-ADF4-C6D364B61CB3}.Release|x64.Build.0 = Release|Win32
		{325EE55B-00AD-4F01-ADF4-C6D364B61CB3}.Release|x86.ActiveCfg = Release|Win32
		{325EE55B-00AD-4F01-ADF4-C6D364B61CB3}.Release|x86.Build.0 = Release|Win32
		{1776FF10-3879-4932-B5D8-B5E75ACF9439}.Debug|Any CPU.ActiveCfg = Debug|Win32
		{1776FF10-3879-4932-B5D8-B5E75ACF9439}.Debug|x64.ActiveCfg = Debug|x64
		{1776FF10-3879-4932-B5D8-B5E75ACF9439}.Debug|x64.Build.0 = Debug|x64
		{1776FF10-3879-4932-B5D8-B5E75ACF9439}.Debug|x86.ActiveCfg = Debug|Win32
		{1776FF10-3879-4932-B5D8-B5E75ACF9439}.Debug|x86.Build.0 = Debug|Win32
		{1776FF10-3879-4932-B5D8-B5E75ACF9439}.Release|Any CPU.ActiveCfg = Release|Win32
		{1776FF10-3879-4932-B5D8-B5E75ACF9439}.Release|x64.ActiveCfg = Release|x64
		{1776FF10-3879-4932-B5D8-B5E75ACF9439}.Release|x64.Build.0 = Release|x64
		{1776FF10-3879-4932-B5D8-B5E75ACF9439}.Release|x86.ActiveCfg = Release|Win32
		{1776FF10-3879-4932-B5D8-B5E75ACF9439}.Release|x86.Build.0 = Release|Win32
		{72A7CDF4-AA56-448B-86FE-18125A7975B1}.Debug|Any CPU.ActiveCfg = Debug|Win32
		{72A7CDF4-AA56-448B-86FE-18125A7975B1}.Debug|x64.ActiveCfg = Debug|x64
		{72A7CDF4-AA56-448B-86FE-18125A7975B1}.Debug|x64.Build.0 = Debug|x64
		{72A7CDF4-AA56-448B-86FE-18125A7975B1}.Debug|x86.ActiveCfg = Debug|Win32
		{72A7CDF4-AA56-448B-86FE-18125A7975B1}.Debug|x86.Build.0 = Debug|Win32
		{72A7CDF4-AA56-448B-86FE-18125A7975B1}.Release|Any CPU.ActiveCfg = Release|Win32
		{72A7CDF4-AA56-448B-86FE-18125A7975B1}.Release|x64.ActiveCfg = Release|x64
		{72A7CDF4-AA56-448B-86FE-18125A7975B1}.Release|x64.Build.0 = Release|x64
		{72A7CDF4-AA56-448B-86FE-18125A7975B1}.Release|x86.ActiveCfg = Release|Win32
		{72A7CDF4-AA56-448B-86FE-18125A7975B1}.Release|x86.Build.0 = Release|Win32
	EndGlobalSection
	GlobalSection(SolutionProperties) = preSolution
		HideSolutionNode = FALSE
	EndGlobalSection
	GlobalSection(ExtensibilityGlobals) = postSolution
		SolutionGuid = {90E4A3AC-CC21-45E5-91E7-B7B5E42030DD}
	EndGlobalSection
EndGlobal
